
Microsoft Visual Studio Solution File, Format Version 12.00
# Visual Studio 15
VisualStudioVersion = 15.0.27703.2026
MinimumVisualStudioVersion = 10.0.40219.1
Project("{FAE04EC0-301F-11D3-BF4B-00C04F79EFBC}") = "GUIDBoss", "GUIDBoss\GUIDBoss.csproj", "{133D4335-A4EC-49AD-BF63-D03B0178415A}"
EndProject
Global
	GlobalSection(SolutionConfigurationPlatforms) = preSolution
		Debug|Any CPU = Debug|Any CPU
		Release|Any CPU = Release|Any CPU
	EndGlobalSection
	GlobalSection(ProjectConfigurationPlatforms) = postSolution
		{133D4335-A4EC-49AD-BF63-D03B0178415A}.Debug|Any CPU.ActiveCfg = Debug|Any CPU
		{133D4335-A4EC-49AD-BF63-D03B0178415A}.Debug|Any CPU.Build.0 = Debug|Any CPU
		{133D4335-A4EC-49AD-BF63-D03B0178415A}.Release|Any CPU.ActiveCfg = Release|Any CPU
		{133D4335-A4EC-49AD-BF63-D03B0178415A}.Release|Any CPU.Build.0 = Release|Any CPU
	EndGlobalSection
	GlobalSection(SolutionProperties) = preSolution
		HideSolutionNode = FALSE
	EndGlobalSection
	GlobalSection(ExtensibilityGlobals) = postSolution
		SolutionGuid = {58B4E90F-30E7-4D25-9FF7-5A4ED4FB3490}
	EndGlobalSection
EndGlobal
